<?xml version="1.0" encoding="utf-8"?>
<Project ToolsVersion="4.0" xmlns="http://schemas.microsoft.com/developer/msbuild/2003">
  <ItemGroup>
    <Filter Include="Source Files">
      <UniqueIdentifier>{4FC737F1-C7A5-4376-A066-2A32D752A2FF}</UniqueIdentifier>
      <Extensions>cpp;c;cc;cxx;def;odl;idl;hpj;bat;asm;asmx</Extensions>
    </Filter>
    <Filter Include="Header Files">
      <UniqueIdentifier>{93995380-89BD-4b04-88EB-625FBE52EBFB}</UniqueIdentifier>
      <Extensions>h;hpp;hxx;hm;inl;inc;xsd</Extensions>
    </Filter>
    <Filter Include="Resource Files">
      <UniqueIdentifier>{67DA6AB6-F800-4c08-8B7A-83BB121AAD01}</UniqueIdentifier>
      <Extensions>rc;ico;cur;bmp;dlg;rc2;rct;bin;rgs;gif;jpg;jpeg;jpe;resx;tiff;tif;png;wav;mfcribbon-ms</Extensions>
    </Filter>
  </ItemGroup>
  <ItemGroup>
    <None Include="ReadMe.txt" />
  </ItemGroup>
  <ItemGroup>
    <ClCompile Include="dllmain.cpp">
      <Filter>Source Files</Filter>
    </ClCompile>
    <ClCompile Include="Drawer2D.cpp">
      <Filter>Source Files</Filter>
    </ClCompile>
    <ClCompile Include="GlbGlobeAutoDrill.cpp">
      <Filter>Source Files</Filter>
    </ClCompile>
    <ClCompile Include="GlbGlobeAutoTransform.cpp">
      <Filter>Source Files</Filter>
    </ClCompile>
    <ClCompile Include="GlbGlobeCustomShape.cpp">
      <Filter>Source Files</Filter>
    </ClCompile>
    <ClCompile Include="GlbGlobeCustomShapeDrawable.cpp">
      <Filter>Source Files</Filter>
    </ClCompile>
    <ClCompile Include="GlbGlobeDelaunayTriangulatorEx.cpp">
      <Filter>Source Files</Filter>
    </ClCompile>
    <ClCompile Include="GlbGlobeDigHoleSymbol.cpp">
      <Filter>Source Files</Filter>
    </ClCompile>
    <ClCompile Include="GlbGlobeDrillSymbol.cpp">
      <Filter>Source Files</Filter>
    </ClCompile>
    <ClCompile Include="GlbGlobeLine2DSymbol.cpp">
      <Filter>Source Files</Filter>
    </ClCompile>
    <ClCompile Include="GlbGlobeLine3DSymbol.cpp">
      <Filter>Source Files</Filter>
    </ClCompile>
    <ClCompile Include="GlbGlobeLineArrowSymbol.cpp">
      <Filter>Source Files</Filter>
    </ClCompile>
    <ClCompile Include="GlbGlobeLineModelSymbol.cpp">
      <Filter>Source Files</Filter>
    </ClCompile>
    <ClCompile Include="GlbGlobeLinePixelSymbol.cpp">
      <Filter>Source Files</Filter>
    </ClCompile>
    <ClCompile Include="GlbGlobeMarker2DShapeSymbol.cpp">
      <Filter>Source Files</Filter>
    </ClCompile>
    <ClCompile Include="GlbGlobeMarker3DShapeSymbol.cpp">
      <Filter>Source Files</Filter>
    </ClCompile>
    <ClCompile Include="GlbGlobeMarkerImageSymbol.cpp">
      <Filter>Source Files</Filter>
    </ClCompile>
    <ClCompile Include="GlbGlobeMarkerLabelSymbol.cpp">
      <Filter>Source Files</Filter>
    </ClCompile>
    <ClCompile Include="GlbGlobeMarkerModelSymbol.cpp">
      <Filter>Source Files</Filter>
    </ClCompile>
    <ClCompile Include="GlbGlobeMarkerPixelSymbol.cpp">
      <Filter>Source Files</Filter>
    </ClCompile>
    <ClCompile Include="GlbGlobeOccluderGeometryEx.cpp">
      <Filter>Source Files</Filter>
    </ClCompile>
    <ClCompile Include="GlbGlobePolygonBuildingSymbol.cpp">
      <Filter>Source Files</Filter>
    </ClCompile>
    <ClCompile Include="GlbGlobePolygonSymbol.cpp">
      <Filter>Source Files</Filter>
    </ClCompile>
    <ClCompile Include="GlbGlobePolygonWaterSymbol.cpp">
      <Filter>Source Files</Filter>
    </ClCompile>
    <ClCompile Include="GlbGlobePolyhedronSymbol.cpp">
      <Filter>Source Files</Filter>
    </ClCompile>
    <ClCompile Include="GlbGlobeSectionSymbol.cpp">
      <Filter>Source Files</Filter>
    </ClCompile>
    <ClCompile Include="GlbGlobeSymbol.cpp">
      <Filter>Source Files</Filter>
    </ClCompile>
    <ClCompile Include="GlbGlobeSymbolCommon.cpp">
      <Filter>Source Files</Filter>
    </ClCompile>
    <ClCompile Include="GlbGlobeTessellatorEx.cpp">
      <Filter>Source Files</Filter>
    </ClCompile>
    <ClCompile Include="GlbGlobeTinSymbol.cpp">
      <Filter>Source Files</Filter>
    </ClCompile>
    <ClCompile Include="GlbGlobeVideoSymbol.cpp">
      <Filter>Source Files</Filter>
    </ClCompile>
    <ClCompile Include="GlbGlobeViewSymbol.cpp">
      <Filter>Source Files</Filter>
    </ClCompile>
    <ClCompile Include="GlbGlobeVisualLineSymbol.cpp">
      <Filter>Source Files</Filter>
    </ClCompile>
    <ClCompile Include="stdafx.cpp">
      <Filter>Source Files</Filter>
    </ClCompile>
    <ClCompile Include="GlbGlobeRenderSimpleLabelSymbol.cpp">
      <Filter>Source Files</Filter>
    </ClCompile>
    <ClCompile Include="GlbVideoPlayer.cpp">
      <Filter>Source Files</Filter>
    </ClCompile>
    <ClCompile Include="GlbGlobeMarkerFireSymbol.cpp">
      <Filter>Source Files</Filter>
    </ClCompile>
    <ClCompile Include="GlbGlobeMarkerSmokeSymbol.cpp">
      <Filter>Source Files</Filter>
    </ClCompile>
    <ClCompile Include="GlbGlobeMarkerEpicentreSymbol.cpp">
      <Filter>Source Files</Filter>
    </ClCompile>
    <ClCompile Include="GlbTinZScaleVisitor.cpp">
      <Filter>Source Files</Filter>
    </ClCompile>
    <ClCompile Include="GlbGlobeNetworkSymbol.cpp">
      <Filter>Source Files</Filter>
    </ClCompile>
    <ClCompile Include="GlbGlobeMarkerDynamicLabelSymbol.cpp">
      <Filter>Source Files</Filter>
    </ClCompile>
    <ClCompile Include="GlbGlobeCoordinateAxisSymbol.cpp">
      <Filter>Source Files</Filter>
    </ClCompile>
    <ClCompile Include="GlbGlobeLineDynamicArrowSymbol.cpp">
      <Filter>Source Files</Filter>
    </ClCompile>
    <ClCompile Include="GlbGlobePolygonLakeSymbol.cpp">
      <Filter>Source Files</Filter>
    </ClCompile>
  </ItemGroup>
  <ItemGroup>
    <ClInclude Include="Drawer2D.h">
      <Filter>Header Files</Filter>
    </ClInclude>
    <ClInclude Include="GlbGlobeAutoDrill.h">
      <Filter>Header Files</Filter>
    </ClInclude>
    <ClInclude Include="GlbGlobeAutoTransform.h">
      <Filter>Header Files</Filter>
    </ClInclude>
    <ClInclude Include="GlbGlobeCustomShape.h">
      <Filter>Header Files</Filter>
    </ClInclude>
    <ClInclude Include="GlbGlobeCustomShapeDrawable.h">
      <Filter>Header Files</Filter>
    </ClInclude>
    <ClInclude Include="GlbGlobeDelaunayTriangulatorEx.h">
      <Filter>Header Files</Filter>
    </ClInclude>
    <ClInclude Include="GlbGlobeDigHoleSymbol.h">
      <Filter>Header Files</Filter>
    </ClInclude>
    <ClInclude Include="GlbGlobeDrillSymbol.h">
      <Filter>Header Files</Filter>
    </ClInclude>
    <ClInclude Include="GlbGlobeLine2DSymbol.h">
      <Filter>Header Files</Filter>
    </ClInclude>
    <ClInclude Include="GlbGlobeLine3DSymbol.h">
      <Filter>Header Files</Filter>
    </ClInclude>
    <ClInclude Include="GlbGlobeLineArrowSymbol.h">
      <Filter>Header Files</Filter>
    </ClInclude>
    <ClInclude Include="GlbGlobeLineModelSymbol.h">
      <Filter>Header Files</Filter>
    </ClInclude>
    <ClInclude Include="GlbGlobeLinePixelSymbol.h">
      <Filter>Header Files</Filter>
    </ClInclude>
    <ClInclude Include="GlbGlobeMarker2DShapeSymbol.h">
      <Filter>Header Files</Filter>
    </ClInclude>
    <ClInclude Include="GlbGlobeMarker3DShapeSymbol.h">
      <Filter>Header Files</Filter>
    </ClInclude>
    <ClInclude Include="GlbGlobeMarkerImageSymbol.h">
      <Filter>Header Files</Filter>
    </ClInclude>
    <ClInclude Include="GlbGlobeMarkerLabelSymbol.h">
      <Filter>Header Files</Filter>
    </ClInclude>
    <ClInclude Include="GlbGlobeMarkerModelSymbol.h">
      <Filter>Header Files</Filter>
    </ClInclude>
    <ClInclude Include="GlbGlobeMarkerPixelSymbol.h">
      <Filter>Header Files</Filter>
    </ClInclude>
    <ClInclude Include="GlbGlobeOccluderGeometryEx.h">
      <Filter>Header Files</Filter>
    </ClInclude>
    <ClInclude Include="GlbGlobePolygonBuildingSymbol.h">
      <Filter>Header Files</Filter>
    </ClInclude>
    <ClInclude Include="GlbGlobePolygonSymbol.h">
      <Filter>Header Files</Filter>
    </ClInclude>
    <ClInclude Include="GlbGlobePolygonWaterSymbol.h">
      <Filter>Header Files</Filter>
    </ClInclude>
    <ClInclude Include="GlbGlobePolyhedronSymbol.h">
      <Filter>Header Files</Filter>
    </ClInclude>
    <ClInclude Include="GlbGlobeSectionSymbol.h">
      <Filter>Header Files</Filter>
    </ClInclude>
    <ClInclude Include="GlbGlobeSymbol.h">
      <Filter>Header Files</Filter>
    </ClInclude>
    <ClInclude Include="GlbGlobeSymbolCommon.h">
      <Filter>Header Files</Filter>
    </ClInclude>
    <ClInclude Include="GlbGlobeSymbolExport.h">
      <Filter>Header Files</Filter>
    </ClInclude>
    <ClInclude Include="GlbGlobeTessellatorEx.h">
      <Filter>Header Files</Filter>
    </ClInclude>
    <ClInclude Include="GlbGlobeTinSymbol.h">
      <Filter>Header Files</Filter>
    </ClInclude>
    <ClInclude Include="GlbGlobeVideoSymbol.h">
      <Filter>Header Files</Filter>
    </ClInclude>
    <ClInclude Include="GlbGlobeViewSymbol.h">
      <Filter>Header Files</Filter>
    </ClInclude>
    <ClInclude Include="GlbGlobeVisualLineSymbol.h">
      <Filter>Header Files</Filter>
    </ClInclude>
    <ClInclude Include="stdafx.h">
      <Filter>Header Files</Filter>
    </ClInclude>
    <ClInclude Include="targetver.h">
      <Filter>Header Files</Filter>
    </ClInclude>
    <ClInclude Include="GlbGlobeRenderSimpleLabelSymbol.h">
      <Filter>Header Files</Filter>
    </ClInclude>
    <ClInclude Include="GlbVideoPlayer.h">
      <Filter>Header Files</Filter>
    </ClInclude>
    <ClInclude Include="GlbGlobeMarkerFireSymbol.h">
      <Filter>Header Files</Filter>
    </ClInclude>
    <ClInclude Include="GlbGlobeMarkerSmokeSymbol.h">
      <Filter>Header Files</Filter>
    </ClInclude>
    <ClInclude Include="GlbGlobeMarkerEpicentreSymbol.h">
      <Filter>Header Files</Filter>
    </ClInclude>
    <ClInclude Include="GlbTinZScaleVisitor.h">
      <Filter>Header Files</Filter>
    </ClInclude>
    <ClInclude Include="GlbGlobeNetworkSymbol.h">
      <Filter>Header Files</Filter>
    </ClInclude>
    <ClInclude Include="GlbGlobeMarkerDynamicLabelSymbol.h">
      <Filter>Header Files</Filter>
    </ClInclude>
    <ClInclude Include="GlbGlobeCoordinateAxisSymbol.h">
      <Filter>Header Files</Filter>
    </ClInclude>
    <ClInclude Include="GlbGlobeLineDynamicArrowSymbol.h">
      <Filter>Header Files</Filter>
    </ClInclude>
    <ClInclude Include="GlbGlobePolygonLakeSymbol.h">
      <Filter>Header Files</Filter>
    </ClInclude>
  </ItemGroup>
</Project>