<?xml version="1.0" encoding="utf-8"?>
<Project ToolsVersion="4.0" xmlns="http://schemas.microsoft.com/developer/msbuild/2003">
  <ItemGroup>
    <Filter Include="Source Files">
      <UniqueIdentifier>{4FC737F1-C7A5-4376-A066-2A32D752A2FF}</UniqueIdentifier>
      <Extensions>cpp;c;cc;cxx;def;odl;idl;hpj;bat;asm;asmx</Extensions>
    </Filter>
    <Filter Include="Header Files">
      <UniqueIdentifier>{93995380-89BD-4b04-88EB-625FBE52EBFB}</UniqueIdentifier>
      <Extensions>h;hpp;hxx;hm;inl;inc;xsd</Extensions>
    </Filter>
    <Filter Include="Resource Files">
      <UniqueIdentifier>{67DA6AB6-F800-4c08-8B7A-83BB121AAD01}</UniqueIdentifier>
      <Extensions>rc;ico;cur;bmp;dlg;rc2;rct;bin;rgs;gif;jpg;jpeg;jpe;resx;tiff;tif;png;wav;mfcribbon-ms</Extensions>
    </Filter>
  </ItemGroup>
  <ItemGroup>
    <None Include="ReadMe.txt" />
  </ItemGroup>
  <ItemGroup>
    <ClInclude Include="targetver.h">
      <Filter>Header Files</Filter>
    </ClInclude>
    <ClInclude Include="GlbCalculateBoundBoxVisitor.h">
      <Filter>Header Files</Filter>
    </ClInclude>
    <ClInclude Include="GlbCalculateNodeSizeVisitor.h">
      <Filter>Header Files</Filter>
    </ClInclude>
    <ClInclude Include="GlbCompareValue.h">
      <Filter>Header Files</Filter>
    </ClInclude>
    <ClInclude Include="GlbGlobeCompositeObject.h">
      <Filter>Header Files</Filter>
    </ClInclude>
    <ClInclude Include="GlbGlobeDigHole.h">
      <Filter>Header Files</Filter>
    </ClInclude>
    <ClInclude Include="GlbGlobeDrill.h">
      <Filter>Header Files</Filter>
    </ClInclude>
    <ClInclude Include="GlbGlobeDynamicObject.h">
      <Filter>Header Files</Filter>
    </ClInclude>
    <ClInclude Include="GlbGlobeLine.h">
      <Filter>Header Files</Filter>
    </ClInclude>
    <ClInclude Include="GlbGlobeObjectExport.h">
      <Filter>Header Files</Filter>
    </ClInclude>
    <ClInclude Include="GlbGlobePoint.h">
      <Filter>Header Files</Filter>
    </ClInclude>
    <ClInclude Include="GlbGlobePolygon.h">
      <Filter>Header Files</Filter>
    </ClInclude>
    <ClInclude Include="GlbGlobeSection.h">
      <Filter>Header Files</Filter>
    </ClInclude>
    <ClInclude Include="GlbGlobeTinObject.h">
      <Filter>Header Files</Filter>
    </ClInclude>
    <ClInclude Include="GlbGlobeViewAnalysis.h">
      <Filter>Header Files</Filter>
    </ClInclude>
    <ClInclude Include="GlbGlobeVisualLineAnalysis.h">
      <Filter>Header Files</Filter>
    </ClInclude>
    <ClInclude Include="GlbObjectRegisterCreator.h">
      <Filter>Header Files</Filter>
    </ClInclude>
    <ClInclude Include="GlbOpacityVisitor.h">
      <Filter>Header Files</Filter>
    </ClInclude>
    <ClInclude Include="resource.h">
      <Filter>Header Files</Filter>
    </ClInclude>
    <ClInclude Include="stdafx.h">
      <Filter>Header Files</Filter>
    </ClInclude>
    <ClInclude Include="GlbColorVisitor.h">
      <Filter>Header Files</Filter>
    </ClInclude>
    <ClInclude Include="GlbGlobeVideo.h">
      <Filter>Header Files</Filter>
    </ClInclude>
    <ClInclude Include="GlbGlobeNetworkObject.h">
      <Filter>Header Files</Filter>
    </ClInclude>
    <ClInclude Include="GlbFadeInOutCallback.h">
      <Filter>Header Files</Filter>
    </ClInclude>
    <ClInclude Include="GlbGlobeCoordinateAxisObject.h">
      <Filter>Header Files</Filter>
    </ClInclude>
  </ItemGroup>
  <ItemGroup>
    <ClCompile Include="dllmain.cpp">
      <Filter>Source Files</Filter>
    </ClCompile>
    <ClCompile Include="GlbCalculateBoundBoxVisitor.cpp">
      <Filter>Source Files</Filter>
    </ClCompile>
    <ClCompile Include="GlbCalculateNodeSizeVisitor.cpp">
      <Filter>Source Files</Filter>
    </ClCompile>
    <ClCompile Include="GlbCompareValue.cpp">
      <Filter>Source Files</Filter>
    </ClCompile>
    <ClCompile Include="GlbGlobeCompositeObject.cpp">
      <Filter>Source Files</Filter>
    </ClCompile>
    <ClCompile Include="GlbGlobeDigHole.cpp">
      <Filter>Source Files</Filter>
    </ClCompile>
    <ClCompile Include="GlbGlobeDrill.cpp">
      <Filter>Source Files</Filter>
    </ClCompile>
    <ClCompile Include="GlbGlobeDynamicObject.cpp">
      <Filter>Source Files</Filter>
    </ClCompile>
    <ClCompile Include="GlbGlobeLine.cpp">
      <Filter>Source Files</Filter>
    </ClCompile>
    <ClCompile Include="GlbGlobeObject.cpp">
      <Filter>Source Files</Filter>
    </ClCompile>
    <ClCompile Include="GlbGlobePoint.cpp">
      <Filter>Source Files</Filter>
    </ClCompile>
    <ClCompile Include="GlbGlobePolygon.cpp">
      <Filter>Source Files</Filter>
    </ClCompile>
    <ClCompile Include="GlbGlobeSection.cpp">
      <Filter>Source Files</Filter>
    </ClCompile>
    <ClCompile Include="GlbGlobeTinObject.cpp">
      <Filter>Source Files</Filter>
    </ClCompile>
    <ClCompile Include="GlbGlobeVideo.cpp">
      <Filter>Source Files</Filter>
    </ClCompile>
    <ClCompile Include="GlbGlobeViewAnalysis.cpp">
      <Filter>Source Files</Filter>
    </ClCompile>
    <ClCompile Include="GlbGlobeVisualLineAnalysis.cpp">
      <Filter>Source Files</Filter>
    </ClCompile>
    <ClCompile Include="GlbObjectRegisterCreator.cpp">
      <Filter>Source Files</Filter>
    </ClCompile>
    <ClCompile Include="GlbOpacityVisitor.cpp">
      <Filter>Source Files</Filter>
    </ClCompile>
    <ClCompile Include="stdafx.cpp">
      <Filter>Source Files</Filter>
    </ClCompile>
    <ClCompile Include="GlbColorVisitor.cpp">
      <Filter>Source Files</Filter>
    </ClCompile>
    <ClCompile Include="GlbGlobeNetworkObject.cpp">
      <Filter>Source Files</Filter>
    </ClCompile>
    <ClCompile Include="GlbFadeInOutCallback.cpp">
      <Filter>Source Files</Filter>
    </ClCompile>
    <ClCompile Include="GlbGlobeCoordinateAxisObject.cpp">
      <Filter>Source Files</Filter>
    </ClCompile>
  </ItemGroup>
</Project>