<?xml version="1.0" encoding="utf-8"?>
<Project ToolsVersion="4.0" xmlns="http://schemas.microsoft.com/developer/msbuild/2003">
  <ItemGroup>
    <Filter Include="Source Files">
      <UniqueIdentifier>{4FC737F1-C7A5-4376-A066-2A32D752A2FF}</UniqueIdentifier>
      <Extensions>cpp;c;cc;cxx;def;odl;idl;hpj;bat;asm;asmx</Extensions>
    </Filter>
    <Filter Include="Header Files">
      <UniqueIdentifier>{93995380-89BD-4b04-88EB-625FBE52EBFB}</UniqueIdentifier>
      <Extensions>h;hpp;hxx;hm;inl;inc;xsd</Extensions>
    </Filter>
    <Filter Include="Resource Files">
      <UniqueIdentifier>{67DA6AB6-F800-4c08-8B7A-83BB121AAD01}</UniqueIdentifier>
      <Extensions>rc;ico;cur;bmp;dlg;rc2;rct;bin;rgs;gif;jpg;jpeg;jpe;resx;tiff;tif;png;wav;mfcribbon-ms</Extensions>
    </Filter>
  </ItemGroup>
  <ItemGroup>
    <ClInclude Include="stdafx.h">
      <Filter>Header Files</Filter>
    </ClInclude>
    <ClInclude Include="targetver.h">
      <Filter>Header Files</Filter>
    </ClInclude>
    <ClInclude Include="IGlbGeometry.h">
      <Filter>Header Files</Filter>
    </ClInclude>
    <ClInclude Include="GlbField.h">
      <Filter>Header Files</Filter>
    </ClInclude>
    <ClInclude Include="GlbDataEngineExport.h">
      <Filter>Header Files</Filter>
    </ClInclude>
    <ClInclude Include="GlbDataEngineType.h">
      <Filter>Header Files</Filter>
    </ClInclude>
    <ClInclude Include="GlbFeature.h">
      <Filter>Header Files</Filter>
    </ClInclude>
    <ClInclude Include="IGlbDataEngine.h">
      <Filter>Header Files</Filter>
    </ClInclude>
    <ClInclude Include="GlbFields.h">
      <Filter>Header Files</Filter>
    </ClInclude>
    <ClInclude Include="GlbIndexes.h">
      <Filter>Header Files</Filter>
    </ClInclude>
    <ClInclude Include="GlbIndex.h">
      <Filter>Header Files</Filter>
    </ClInclude>
    <ClInclude Include="GlbPixelBlock.h">
      <Filter>Header Files</Filter>
    </ClInclude>
    <ClInclude Include="GlbQueryFilter.h">
      <Filter>Header Files</Filter>
    </ClInclude>
    <ClInclude Include="GlbTin.h">
      <Filter>Header Files</Filter>
    </ClInclude>
    <ClInclude Include="GlbPoint.h">
      <Filter>Header Files</Filter>
    </ClInclude>
    <ClInclude Include="GlbLine.h">
      <Filter>Header Files</Filter>
    </ClInclude>
    <ClInclude Include="GlbPolygon.h">
      <Filter>Header Files</Filter>
    </ClInclude>
    <ClInclude Include="GlbDataSourceFactory.h">
      <Filter>Header Files</Filter>
    </ClInclude>
    <ClInclude Include="GlbObject.h">
      <Filter>Header Files</Filter>
    </ClInclude>
    <ClInclude Include="GlbDrill.h">
      <Filter>Header Files</Filter>
    </ClInclude>
    <ClInclude Include="GlbSection.h">
      <Filter>Header Files</Filter>
    </ClInclude>
    <ClInclude Include="GlbVTerrainDataset.h">
      <Filter>Header Files</Filter>
    </ClInclude>
  </ItemGroup>
  <ItemGroup>
    <ClCompile Include="stdafx.cpp">
      <Filter>Source Files</Filter>
    </ClCompile>
    <ClCompile Include="dllmain.cpp">
      <Filter>Source Files</Filter>
    </ClCompile>
    <ClCompile Include="GlbField.cpp">
      <Filter>Source Files</Filter>
    </ClCompile>
    <ClCompile Include="GlbFeature.cpp">
      <Filter>Source Files</Filter>
    </ClCompile>
    <ClCompile Include="IGlbDataEngine.cpp">
      <Filter>Source Files</Filter>
    </ClCompile>
    <ClCompile Include="GlbFields.cpp">
      <Filter>Source Files</Filter>
    </ClCompile>
    <ClCompile Include="GlbIndexes.cpp">
      <Filter>Source Files</Filter>
    </ClCompile>
    <ClCompile Include="GlbIndex.cpp">
      <Filter>Source Files</Filter>
    </ClCompile>
    <ClCompile Include="GlbPixelBlock.cpp">
      <Filter>Source Files</Filter>
    </ClCompile>
    <ClCompile Include="GlbQueryFilter.cpp">
      <Filter>Source Files</Filter>
    </ClCompile>
    <ClCompile Include="GlbGeometryClass.cpp">
      <Filter>Source Files</Filter>
    </ClCompile>
    <ClCompile Include="GlbTin.cpp">
      <Filter>Source Files</Filter>
    </ClCompile>
    <ClCompile Include="GlbPoint.cpp">
      <Filter>Source Files</Filter>
    </ClCompile>
    <ClCompile Include="GlbLine.cpp">
      <Filter>Source Files</Filter>
    </ClCompile>
    <ClCompile Include="GlbPolygon.cpp">
      <Filter>Source Files</Filter>
    </ClCompile>
    <ClCompile Include="GlbMultiPoint.cpp">
      <Filter>Source Files</Filter>
    </ClCompile>
    <ClCompile Include="GlbDataSourceFactory.cpp">
      <Filter>Source Files</Filter>
    </ClCompile>
    <ClCompile Include="GlbMultiLine.cpp">
      <Filter>Source Files</Filter>
    </ClCompile>
    <ClCompile Include="GlbMultiPolygon.cpp">
      <Filter>Source Files</Filter>
    </ClCompile>
    <ClCompile Include="GlbObject.cpp">
      <Filter>Source Files</Filter>
    </ClCompile>
    <ClCompile Include="GlbDrill.cpp">
      <Filter>Source Files</Filter>
    </ClCompile>
    <ClCompile Include="GlbSection.cpp">
      <Filter>Source Files</Filter>
    </ClCompile>
    <ClCompile Include="GlbVTerrainDataset.cpp">
      <Filter>Source Files</Filter>
    </ClCompile>
    <ClCompile Include="GlbMultiTin.cpp">
      <Filter>Source Files</Filter>
    </ClCompile>
  </ItemGroup>
  <ItemGroup>
    <None Include="VS编译链接选项说明.txt" />
    <None Include="GlbDataEngine调试模式编译选项.txt" />
  </ItemGroup>
</Project>