<?xml version="1.0" encoding="utf-8"?>
<Project ToolsVersion="4.0" xmlns="http://schemas.microsoft.com/developer/msbuild/2003">
  <ItemGroup>
    <Filter Include="Source Files">
      <UniqueIdentifier>{4FC737F1-C7A5-4376-A066-2A32D752A2FF}</UniqueIdentifier>
      <Extensions>cpp;c;cc;cxx;def;odl;idl;hpj;bat;asm;asmx</Extensions>
    </Filter>
    <Filter Include="Header Files">
      <UniqueIdentifier>{93995380-89BD-4b04-88EB-625FBE52EBFB}</UniqueIdentifier>
      <Extensions>h;hpp;hxx;hm;inl;inc;xsd</Extensions>
    </Filter>
    <Filter Include="Resource Files">
      <UniqueIdentifier>{67DA6AB6-F800-4c08-8B7A-83BB121AAD01}</UniqueIdentifier>
      <Extensions>rc;ico;cur;bmp;dlg;rc2;rct;bin;rgs;gif;jpg;jpeg;jpe;resx;tiff;tif;png;wav;mfcribbon-ms</Extensions>
    </Filter>
  </ItemGroup>
  <ItemGroup>
    <None Include="ReadMe.txt" />
  </ItemGroup>
  <ItemGroup>
    <ClInclude Include="targetver.h">
      <Filter>Header Files</Filter>
    </ClInclude>
    <ClInclude Include="CGlbGlobe.h">
      <Filter>Header Files</Filter>
    </ClInclude>
    <ClInclude Include="GlbAxisAlignedBox.h">
      <Filter>Header Files</Filter>
    </ClInclude>
    <ClInclude Include="GlbGlobalConfig.h">
      <Filter>Header Files</Filter>
    </ClInclude>
    <ClInclude Include="GlbGlobeCallBack.h">
      <Filter>Header Files</Filter>
    </ClInclude>
    <ClInclude Include="GlbGlobeClipHandler.h">
      <Filter>Header Files</Filter>
    </ClInclude>
    <ClInclude Include="GlbGlobeDemLayer.h">
      <Filter>Header Files</Filter>
    </ClInclude>
    <ClInclude Include="GlbGlobeDispatcher.h">
      <Filter>Header Files</Filter>
    </ClInclude>
    <ClInclude Include="GlbGlobeDomLayer.h">
      <Filter>Header Files</Filter>
    </ClInclude>
    <ClInclude Include="GlbGlobeDriveManipulator.h">
      <Filter>Header Files</Filter>
    </ClInclude>
    <ClInclude Include="GlbGlobeDynamic.h">
      <Filter>Header Files</Filter>
    </ClInclude>
    <ClInclude Include="GlbGlobeElementFactory.h">
      <Filter>Header Files</Filter>
    </ClInclude>
    <ClInclude Include="GlbGlobeExport.h">
      <Filter>Header Files</Filter>
    </ClInclude>
    <ClInclude Include="GlbGlobeFeatureLayer.h">
      <Filter>Header Files</Filter>
    </ClInclude>
    <ClInclude Include="GlbGlobeInstanceManager.h">
      <Filter>Header Files</Filter>
    </ClInclude>
    <ClInclude Include="GlbGlobeLayer.h">
      <Filter>Header Files</Filter>
    </ClInclude>
    <ClInclude Include="GlbGlobeLog.h">
      <Filter>Header Files</Filter>
    </ClInclude>
    <ClInclude Include="GlbGlobeManipulator.h">
      <Filter>Header Files</Filter>
    </ClInclude>
    <ClInclude Include="GlbGlobeManipulatorManager.h">
      <Filter>Header Files</Filter>
    </ClInclude>
    <ClInclude Include="GlbGlobeMath.h">
      <Filter>Header Files</Filter>
    </ClInclude>
    <ClInclude Include="GlbGlobeMemCtrl.h">
      <Filter>Header Files</Filter>
    </ClInclude>
    <ClInclude Include="GlbGlobeObject.h">
      <Filter>Header Files</Filter>
    </ClInclude>
    <ClInclude Include="GlbGlobeObjectFactory.h">
      <Filter>Header Files</Filter>
    </ClInclude>
    <ClInclude Include="GlbGlobeObjectRenderInfos.h">
      <Filter>Header Files</Filter>
    </ClInclude>
    <ClInclude Include="GlbGlobeOctree.h">
      <Filter>Header Files</Filter>
    </ClInclude>
    <ClInclude Include="GlbGlobePathManipulator.h">
      <Filter>Header Files</Filter>
    </ClInclude>
    <ClInclude Include="GlbGlobeQtree.h">
      <Filter>Header Files</Filter>
    </ClInclude>
    <ClInclude Include="GlbGlobeRenderer.h">
      <Filter>Header Files</Filter>
    </ClInclude>
    <ClInclude Include="GlbGlobeREObject.h">
      <Filter>Header Files</Filter>
    </ClInclude>
    <ClInclude Include="GlbGlobeRObject.h">
      <Filter>Header Files</Filter>
    </ClInclude>
    <ClInclude Include="GlbGlobeSceneManager.h">
      <Filter>Header Files</Filter>
    </ClInclude>
    <ClInclude Include="GlbGlobeSceneObjIdxManager.h">
      <Filter>Header Files</Filter>
    </ClInclude>
    <ClInclude Include="GlbGlobeSettings.h">
      <Filter>Header Files</Filter>
    </ClInclude>
    <ClInclude Include="GlbGlobeTaskManager.h">
      <Filter>Header Files</Filter>
    </ClInclude>
    <ClInclude Include="GlbGlobeTerrain.h">
      <Filter>Header Files</Filter>
    </ClInclude>
    <ClInclude Include="GlbGlobeTerrainModify.h">
      <Filter>Header Files</Filter>
    </ClInclude>
    <ClInclude Include="GlbGlobeTerrainTile.h">
      <Filter>Header Files</Filter>
    </ClInclude>
    <ClInclude Include="GlbGlobeTerrainTileRequestTask.h">
      <Filter>Header Files</Filter>
    </ClInclude>
    <ClInclude Include="GlbGlobeTypes.h">
      <Filter>Header Files</Filter>
    </ClInclude>
    <ClInclude Include="GlbGlobeUGPlane.h">
      <Filter>Header Files</Filter>
    </ClInclude>
    <ClInclude Include="GlbGlobeView.h">
      <Filter>Header Files</Filter>
    </ClInclude>
    <ClInclude Include="GlbGlobeViewCentermark.h">
      <Filter>Header Files</Filter>
    </ClInclude>
    <ClInclude Include="GlbGlobeViewElevationRuler.h">
      <Filter>Header Files</Filter>
    </ClInclude>
    <ClInclude Include="GlbGlobeViewLogo.h">
      <Filter>Header Files</Filter>
    </ClInclude>
    <ClInclude Include="GlbGlobeViewNavigator.h">
      <Filter>Header Files</Filter>
    </ClInclude>
    <ClInclude Include="GlbGlobeViewScale.h">
      <Filter>Header Files</Filter>
    </ClInclude>
    <ClInclude Include="GlbGlobeViewStatusBar.h">
      <Filter>Header Files</Filter>
    </ClInclude>
    <ClInclude Include="GlbNodeIsCompiledVisitor.h">
      <Filter>Header Files</Filter>
    </ClInclude>
    <ClInclude Include="GlbPlaneDriveManipulator.h">
      <Filter>Header Files</Filter>
    </ClInclude>
    <ClInclude Include="GlbPlaneManipulator.h">
      <Filter>Header Files</Filter>
    </ClInclude>
    <ClInclude Include="GlbPlanePathManipulator.h">
      <Filter>Header Files</Filter>
    </ClInclude>
    <ClInclude Include="IGlbGlobeTask.h">
      <Filter>Header Files</Filter>
    </ClInclude>
    <ClInclude Include="IGlbGlobeViewEventHandle.h">
      <Filter>Header Files</Filter>
    </ClInclude>
    <ClInclude Include="stdafx.h">
      <Filter>Header Files</Filter>
    </ClInclude>
    <ClInclude Include="GlbGlobeTiltPhotographyLayer.h">
      <Filter>Header Files</Filter>
    </ClInclude>
    <ClInclude Include="GlbGlobeViewSlave.h">
      <Filter>Header Files</Filter>
    </ClInclude>
    <ClInclude Include="GlbFPSManipulator.h">
      <Filter>Header Files</Filter>
    </ClInclude>
    <ClInclude Include="GlbPlaneFPSManipulator.h">
      <Filter>Header Files</Filter>
    </ClInclude>
    <ClInclude Include="GlbCollisionGemetry.h">
      <Filter>Header Files</Filter>
    </ClInclude>
    <ClInclude Include="GLbCollisionIntersector.h">
      <Filter>Header Files</Filter>
    </ClInclude>
    <ClInclude Include="GlbSweptSphereCollision.h">
      <Filter>Header Files</Filter>
    </ClInclude>
    <ClInclude Include="GlbTriangleFunctor.h">
      <Filter>Source Files</Filter>
    </ClInclude>
    <ClInclude Include="GlbRobjectMeshBox.h">
      <Filter>Header Files</Filter>
    </ClInclude>
    <ClInclude Include="GlbClipObject.h">
      <Filter>Header Files</Filter>
    </ClInclude>
  </ItemGroup>
  <ItemGroup>
    <ClCompile Include="dllmain.cpp">
      <Filter>Source Files</Filter>
    </ClCompile>
    <ClCompile Include="GlbAxisAlignedBox.cpp">
      <Filter>Source Files</Filter>
    </ClCompile>
    <ClCompile Include="GlbGlobalConfig.cpp">
      <Filter>Source Files</Filter>
    </ClCompile>
    <ClCompile Include="GlbGlobeCallBack.cpp">
      <Filter>Source Files</Filter>
    </ClCompile>
    <ClCompile Include="GlbGlobeClipHandler.cpp">
      <Filter>Source Files</Filter>
    </ClCompile>
    <ClCompile Include="GlbGlobeDemLayer.cpp">
      <Filter>Source Files</Filter>
    </ClCompile>
    <ClCompile Include="GlbGlobeDispatcher.cpp">
      <Filter>Source Files</Filter>
    </ClCompile>
    <ClCompile Include="GlbGlobeDomLayer.cpp">
      <Filter>Source Files</Filter>
    </ClCompile>
    <ClCompile Include="GlbGlobeDriveManipulator.cpp">
      <Filter>Source Files</Filter>
    </ClCompile>
    <ClCompile Include="GlbGlobeDynamic.cpp">
      <Filter>Source Files</Filter>
    </ClCompile>
    <ClCompile Include="GlbGlobeElementFactory.cpp">
      <Filter>Source Files</Filter>
    </ClCompile>
    <ClCompile Include="GlbGlobeFeatureLayer.cpp">
      <Filter>Source Files</Filter>
    </ClCompile>
    <ClCompile Include="GlbGlobeInstanceManager.cpp">
      <Filter>Source Files</Filter>
    </ClCompile>
    <ClCompile Include="GlbGlobeLayer.cpp">
      <Filter>Source Files</Filter>
    </ClCompile>
    <ClCompile Include="GlbGlobeLog.cpp">
      <Filter>Source Files</Filter>
    </ClCompile>
    <ClCompile Include="GlbGlobeManipulator.cpp">
      <Filter>Source Files</Filter>
    </ClCompile>
    <ClCompile Include="GlbGlobeManipulatorManager.cpp">
      <Filter>Source Files</Filter>
    </ClCompile>
    <ClCompile Include="GlbGlobeMath.cpp">
      <Filter>Source Files</Filter>
    </ClCompile>
    <ClCompile Include="GlbGlobeMemCtrl.cpp">
      <Filter>Source Files</Filter>
    </ClCompile>
    <ClCompile Include="GlbGlobeObject.cpp">
      <Filter>Source Files</Filter>
    </ClCompile>
    <ClCompile Include="GlbGlobeObjectFactory.cpp">
      <Filter>Source Files</Filter>
    </ClCompile>
    <ClCompile Include="GlbGlobeObjectRenderInfos.cpp">
      <Filter>Source Files</Filter>
    </ClCompile>
    <ClCompile Include="GlbGlobeOctree.cpp">
      <Filter>Source Files</Filter>
    </ClCompile>
    <ClCompile Include="GlbGlobePathManipulator.cpp">
      <Filter>Source Files</Filter>
    </ClCompile>
    <ClCompile Include="GlbGlobeQtree.cpp">
      <Filter>Source Files</Filter>
    </ClCompile>
    <ClCompile Include="GlbGlobeRenderer.cpp">
      <Filter>Source Files</Filter>
    </ClCompile>
    <ClCompile Include="GlbGlobeREObject.cpp">
      <Filter>Source Files</Filter>
    </ClCompile>
    <ClCompile Include="GlbGlobeRObject.cpp">
      <Filter>Source Files</Filter>
    </ClCompile>
    <ClCompile Include="GlbGlobeSceneManager.cpp">
      <Filter>Source Files</Filter>
    </ClCompile>
    <ClCompile Include="GlbGlobeSceneObjIdxManager.cpp">
      <Filter>Source Files</Filter>
    </ClCompile>
    <ClCompile Include="GlbGlobeSettings.cpp">
      <Filter>Source Files</Filter>
    </ClCompile>
    <ClCompile Include="GlbGlobeTaskManager.cpp">
      <Filter>Source Files</Filter>
    </ClCompile>
    <ClCompile Include="GlbGlobeTerrain.cpp">
      <Filter>Source Files</Filter>
    </ClCompile>
    <ClCompile Include="GlbGlobeTerrainModify.cpp">
      <Filter>Source Files</Filter>
    </ClCompile>
    <ClCompile Include="GlbGlobeTerrainTile.cpp">
      <Filter>Source Files</Filter>
    </ClCompile>
    <ClCompile Include="GlbGlobeTerrainTileRequestTask.cpp">
      <Filter>Source Files</Filter>
    </ClCompile>
    <ClCompile Include="GlbGlobeUGPlane.cpp">
      <Filter>Source Files</Filter>
    </ClCompile>
    <ClCompile Include="GlbGlobeView.cpp">
      <Filter>Source Files</Filter>
    </ClCompile>
    <ClCompile Include="GlbGlobeViewCentermark.cpp">
      <Filter>Source Files</Filter>
    </ClCompile>
    <ClCompile Include="GlbGlobeViewElevationRuler.cpp">
      <Filter>Source Files</Filter>
    </ClCompile>
    <ClCompile Include="GlbGlobeViewLogo.cpp">
      <Filter>Source Files</Filter>
    </ClCompile>
    <ClCompile Include="GlbGlobeViewNavigator.cpp">
      <Filter>Source Files</Filter>
    </ClCompile>
    <ClCompile Include="GlbGlobeViewScale.cpp">
      <Filter>Source Files</Filter>
    </ClCompile>
    <ClCompile Include="GlbGlobeViewStatusBar.cpp">
      <Filter>Source Files</Filter>
    </ClCompile>
    <ClCompile Include="GlbNodeIsCompiledVisitor.cpp">
      <Filter>Source Files</Filter>
    </ClCompile>
    <ClCompile Include="GlbPlaneDriveManipulator.cpp">
      <Filter>Source Files</Filter>
    </ClCompile>
    <ClCompile Include="GlbPlaneManipulator.cpp">
      <Filter>Source Files</Filter>
    </ClCompile>
    <ClCompile Include="GlbPlanePathManipulator.cpp">
      <Filter>Source Files</Filter>
    </ClCompile>
    <ClCompile Include="IGlbGlobeTask.cpp">
      <Filter>Source Files</Filter>
    </ClCompile>
    <ClCompile Include="stdafx.cpp">
      <Filter>Source Files</Filter>
    </ClCompile>
    <ClCompile Include="CGlbGlobe.cpp">
      <Filter>Source Files</Filter>
    </ClCompile>
    <ClCompile Include="GlbGlobeTiltPhotographyLayer.cpp">
      <Filter>Source Files</Filter>
    </ClCompile>
    <ClCompile Include="GlbGlobeViewSlave.cpp">
      <Filter>Source Files</Filter>
    </ClCompile>
    <ClCompile Include="GlbFPSManipulator.cpp">
      <Filter>Source Files</Filter>
    </ClCompile>
    <ClCompile Include="GlbPlaneFPSManipulator.cpp">
      <Filter>Source Files</Filter>
    </ClCompile>
    <ClCompile Include="GlbCollisionGemetry.cpp">
      <Filter>Source Files</Filter>
    </ClCompile>
    <ClCompile Include="GLbCollisionIntersector.cpp">
      <Filter>Source Files</Filter>
    </ClCompile>
    <ClCompile Include="GlbSweptSphereCollision.cpp">
      <Filter>Source Files</Filter>
    </ClCompile>
    <ClCompile Include="GlbFPSManipulatorCollision.cpp">
      <Filter>Source Files</Filter>
    </ClCompile>
    <ClCompile Include="GlbFPSManipulatorEvents.cpp">
      <Filter>Source Files</Filter>
    </ClCompile>
    <ClCompile Include="GlbRobjectMeshBox.cpp">
      <Filter>Source Files</Filter>
    </ClCompile>
    <ClCompile Include="GlbClipObject.cpp">
      <Filter>Source Files</Filter>
    </ClCompile>
  </ItemGroup>
</Project>